// !$*UTF8*$!
{
	archiveVersion = 1;
	classes = {
	};
	objectVersion = 56;
	objects = {

/* Begin PBXBuildFile section */
		788D0EB898B4F51335013983 /* Pods_TestTask.framework in Frameworks */ = {isa = PBXBuildFile; fileRef = 65E106D023BA80E7F1D3C8B6 /* Pods_TestTask.framework */; };
		CE40F2D62BA89A5B00F5CFB1 /* AppDelegate.swift in Sources */ = {isa = PBXBuildFile; fileRef = CE40F2D52BA89A5B00F5CFB1 /* AppDelegate.swift */; };
		CE40F2D82BA89A5B00F5CFB1 /* SceneDelegate.swift in Sources */ = {isa = PBXBuildFile; fileRef = CE40F2D72BA89A5B00F5CFB1 /* SceneDelegate.swift */; };
		CE40F2DF2BA89A5D00F5CFB1 /* Assets.xcassets in Resources */ = {isa = PBXBuildFile; fileRef = CE40F2DE2BA89A5D00F5CFB1 /* Assets.xcassets */; };
		CE40F2E22BA89A5D00F5CFB1 /* LaunchScreen.storyboard in Resources */ = {isa = PBXBuildFile; fileRef = CE40F2E02BA89A5D00F5CFB1 /* LaunchScreen.storyboard */; };
		CE40F2F22BA8B6A200F5CFB1 /* UIColor+Extension.swift in Sources */ = {isa = PBXBuildFile; fileRef = CE40F2F12BA8B6A200F5CFB1 /* UIColor+Extension.swift */; };
		CE40F2F72BA8B7D200F5CFB1 /* Images.swift in Sources */ = {isa = PBXBuildFile; fileRef = CE40F2F62BA8B7D200F5CFB1 /* Images.swift */; };
		CE40F2F92BA8B96400F5CFB1 /* UIVIew+Extension.swift in Sources */ = {isa = PBXBuildFile; fileRef = CE40F2F82BA8B96400F5CFB1 /* UIVIew+Extension.swift */; };
		CE40F2FC2BA8BBC300F5CFB1 /* LabelBuilder.swift in Sources */ = {isa = PBXBuildFile; fileRef = CE40F2FB2BA8BBC300F5CFB1 /* LabelBuilder.swift */; };
		CE40F2FE2BA8BBD800F5CFB1 /* ViewBuilder.swift in Sources */ = {isa = PBXBuildFile; fileRef = CE40F2FD2BA8BBD800F5CFB1 /* ViewBuilder.swift */; };
		CE40F3052BA8BE2F00F5CFB1 /* ModuleFactory.swift in Sources */ = {isa = PBXBuildFile; fileRef = CE40F3042BA8BE2F00F5CFB1 /* ModuleFactory.swift */; };
		CE40F3072BA8BE4E00F5CFB1 /* MainViewModel.swift in Sources */ = {isa = PBXBuildFile; fileRef = CE40F3062BA8BE4E00F5CFB1 /* MainViewModel.swift */; };
		CE40F3092BA8BE6E00F5CFB1 /* MainViewController.swift in Sources */ = {isa = PBXBuildFile; fileRef = CE40F3082BA8BE6E00F5CFB1 /* MainViewController.swift */; };
		CE40F30C2BA8C17700F5CFB1 /* ViewWithUserImage.swift in Sources */ = {isa = PBXBuildFile; fileRef = CE40F30B2BA8C17700F5CFB1 /* ViewWithUserImage.swift */; };
		CE40F30F2BA8C64000F5CFB1 /* CircleButton.swift in Sources */ = {isa = PBXBuildFile; fileRef = CE40F30E2BA8C64000F5CFB1 /* CircleButton.swift */; };
		CE40F3112BA8CACF00F5CFB1 /* MainViewController+Extension.swift in Sources */ = {isa = PBXBuildFile; fileRef = CE40F3102BA8CACF00F5CFB1 /* MainViewController+Extension.swift */; };
		CE40F3132BA8CC5A00F5CFB1 /* TrashContainerView.swift in Sources */ = {isa = PBXBuildFile; fileRef = CE40F3122BA8CC5A00F5CFB1 /* TrashContainerView.swift */; };
		CE40F3162BA8D42B00F5CFB1 /* CustomView.swift in Sources */ = {isa = PBXBuildFile; fileRef = CE40F3152BA8D42B00F5CFB1 /* CustomView.swift */; };
		CE40F3192BA8DAA000F5CFB1 /* PhotoManager.swift in Sources */ = {isa = PBXBuildFile; fileRef = CE40F3182BA8DAA000F5CFB1 /* PhotoManager.swift */; };
		CE47ACCD2BA8DD5F00004476 /* AlertManager.swift in Sources */ = {isa = PBXBuildFile; fileRef = CE47ACCC2BA8DD5F00004476 /* AlertManager.swift */; };
		CE47ACCF2BA8E5E900004476 /* NoPermissionsView.swift in Sources */ = {isa = PBXBuildFile; fileRef = CE47ACCE2BA8E5E900004476 /* NoPermissionsView.swift */; };
		CE82E9322BAA1500002D840D /* GlobalVariables.swift in Sources */ = {isa = PBXBuildFile; fileRef = CE82E9312BAA1500002D840D /* GlobalVariables.swift */; };
		CE82E9352BAA18E9002D840D /* ErrorType.swift in Sources */ = {isa = PBXBuildFile; fileRef = CE82E9342BAA18E9002D840D /* ErrorType.swift */; };
/* End PBXBuildFile section */

/* Begin PBXFileReference section */
		13F3166027321302B7912EDA /* Pods-TestTask.release.xcconfig */ = {isa = PBXFileReference; includeInIndex = 1; lastKnownFileType = text.xcconfig; name = "Pods-TestTask.release.xcconfig"; path = "Target Support Files/Pods-TestTask/Pods-TestTask.release.xcconfig"; sourceTree = "<group>"; };
		165C2F4FB2518CDBD7BB3C4E /* Pods-TestTask.debug.xcconfig */ = {isa = PBXFileReference; includeInIndex = 1; lastKnownFileType = text.xcconfig; name = "Pods-TestTask.debug.xcconfig"; path = "Target Support Files/Pods-TestTask/Pods-TestTask.debug.xcconfig"; sourceTree = "<group>"; };
		65E106D023BA80E7F1D3C8B6 /* Pods_TestTask.framework */ = {isa = PBXFileReference; explicitFileType = wrapper.framework; includeInIndex = 0; path = Pods_TestTask.framework; sourceTree = BUILT_PRODUCTS_DIR; };
		CE40F2D22BA89A5B00F5CFB1 /* TestTask.app */ = {isa = PBXFileReference; explicitFileType = wrapper.application; includeInIndex = 0; path = TestTask.app; sourceTree = BUILT_PRODUCTS_DIR; };
		CE40F2D52BA89A5B00F5CFB1 /* AppDelegate.swift */ = {isa = PBXFileReference; lastKnownFileType = sourcecode.swift; path = AppDelegate.swift; sourceTree = "<group>"; };
		CE40F2D72BA89A5B00F5CFB1 /* SceneDelegate.swift */ = {isa = PBXFileReference; lastKnownFileType = sourcecode.swift; path = SceneDelegate.swift; sourceTree = "<group>"; };
		CE40F2DE2BA89A5D00F5CFB1 /* Assets.xcassets */ = {isa = PBXFileReference; lastKnownFileType = folder.assetcatalog; path = Assets.xcassets; sourceTree = "<group>"; };
		CE40F2E12BA89A5D00F5CFB1 /* Base */ = {isa = PBXFileReference; lastKnownFileType = file.storyboard; name = Base; path = Base.lproj/LaunchScreen.storyboard; sourceTree = "<group>"; };
		CE40F2E32BA89A5D00F5CFB1 /* Info.plist */ = {isa = PBXFileReference; lastKnownFileType = text.plist.xml; path = Info.plist; sourceTree = "<group>"; };
		CE40F2F12BA8B6A200F5CFB1 /* UIColor+Extension.swift */ = {isa = PBXFileReference; lastKnownFileType = sourcecode.swift; path = "UIColor+Extension.swift"; sourceTree = "<group>"; };
		CE40F2F62BA8B7D200F5CFB1 /* Images.swift */ = {isa = PBXFileReference; lastKnownFileType = sourcecode.swift; path = Images.swift; sourceTree = "<group>"; };
		CE40F2F82BA8B96400F5CFB1 /* UIVIew+Extension.swift */ = {isa = PBXFileReference; lastKnownFileType = sourcecode.swift; path = "UIVIew+Extension.swift"; sourceTree = "<group>"; };
		CE40F2FB2BA8BBC300F5CFB1 /* LabelBuilder.swift */ = {isa = PBXFileReference; lastKnownFileType = sourcecode.swift; path = LabelBuilder.swift; sourceTree = "<group>"; };
		CE40F2FD2BA8BBD800F5CFB1 /* ViewBuilder.swift */ = {isa = PBXFileReference; lastKnownFileType = sourcecode.swift; path = ViewBuilder.swift; sourceTree = "<group>"; };
		CE40F3042BA8BE2F00F5CFB1 /* ModuleFactory.swift */ = {isa = PBXFileReference; lastKnownFileType = sourcecode.swift; path = ModuleFactory.swift; sourceTree = "<group>"; };
		CE40F3062BA8BE4E00F5CFB1 /* MainViewModel.swift */ = {isa = PBXFileReference; lastKnownFileType = sourcecode.swift; path = MainViewModel.swift; sourceTree = "<group>"; };
		CE40F3082BA8BE6E00F5CFB1 /* MainViewController.swift */ = {isa = PBXFileReference; lastKnownFileType = sourcecode.swift; path = MainViewController.swift; sourceTree = "<group>"; };
		CE40F30B2BA8C17700F5CFB1 /* ViewWithUserImage.swift */ = {isa = PBXFileReference; lastKnownFileType = sourcecode.swift; path = ViewWithUserImage.swift; sourceTree = "<group>"; };
		CE40F30E2BA8C64000F5CFB1 /* CircleButton.swift */ = {isa = PBXFileReference; lastKnownFileType = sourcecode.swift; path = CircleButton.swift; sourceTree = "<group>"; };
		CE40F3102BA8CACF00F5CFB1 /* MainViewController+Extension.swift */ = {isa = PBXFileReference; lastKnownFileType = sourcecode.swift; path = "MainViewController+Extension.swift"; sourceTree = "<group>"; };
		CE40F3122BA8CC5A00F5CFB1 /* TrashContainerView.swift */ = {isa = PBXFileReference; lastKnownFileType = sourcecode.swift; path = TrashContainerView.swift; sourceTree = "<group>"; };
		CE40F3152BA8D42B00F5CFB1 /* CustomView.swift */ = {isa = PBXFileReference; lastKnownFileType = sourcecode.swift; path = CustomView.swift; sourceTree = "<group>"; };
		CE40F3182BA8DAA000F5CFB1 /* PhotoManager.swift */ = {isa = PBXFileReference; lastKnownFileType = sourcecode.swift; path = PhotoManager.swift; sourceTree = "<group>"; };
		CE47ACCC2BA8DD5F00004476 /* AlertManager.swift */ = {isa = PBXFileReference; lastKnownFileType = sourcecode.swift; path = AlertManager.swift; sourceTree = "<group>"; };
		CE47ACCE2BA8E5E900004476 /* NoPermissionsView.swift */ = {isa = PBXFileReference; lastKnownFileType = sourcecode.swift; path = NoPermissionsView.swift; sourceTree = "<group>"; };
		CE82E9312BAA1500002D840D /* GlobalVariables.swift */ = {isa = PBXFileReference; lastKnownFileType = sourcecode.swift; path = GlobalVariables.swift; sourceTree = "<group>"; };
		CE82E9342BAA18E9002D840D /* ErrorType.swift */ = {isa = PBXFileReference; lastKnownFileType = sourcecode.swift; path = ErrorType.swift; sourceTree = "<group>"; };
/* End PBXFileReference section */

/* Begin PBXFrameworksBuildPhase section */
		CE40F2CF2BA89A5B00F5CFB1 /* Frameworks */ = {
			isa = PBXFrameworksBuildPhase;
			buildActionMask = 2147483647;
			files = (
				788D0EB898B4F51335013983 /* Pods_TestTask.framework in Frameworks */,
			);
			runOnlyForDeploymentPostprocessing = 0;
		};
/* End PBXFrameworksBuildPhase section */

/* Begin PBXGroup section */
		55706D383507FBE93F987063 /* Pods */ = {
			isa = PBXGroup;
			children = (
				165C2F4FB2518CDBD7BB3C4E /* Pods-TestTask.debug.xcconfig */,
				13F3166027321302B7912EDA /* Pods-TestTask.release.xcconfig */,
			);
			path = Pods;
			sourceTree = "<group>";
		};
		AAE3BBED34093ED85BFA8619 /* Frameworks */ = {
			isa = PBXGroup;
			children = (
				65E106D023BA80E7F1D3C8B6 /* Pods_TestTask.framework */,
			);
			name = Frameworks;
			sourceTree = "<group>";
		};
		CE40F2C92BA89A5B00F5CFB1 = {
			isa = PBXGroup;
			children = (
				CE40F2D42BA89A5B00F5CFB1 /* TestTask */,
				CE40F2D32BA89A5B00F5CFB1 /* Products */,
				55706D383507FBE93F987063 /* Pods */,
				AAE3BBED34093ED85BFA8619 /* Frameworks */,
			);
			sourceTree = "<group>";
		};
		CE40F2D32BA89A5B00F5CFB1 /* Products */ = {
			isa = PBXGroup;
			children = (
				CE40F2D22BA89A5B00F5CFB1 /* TestTask.app */,
			);
			name = Products;
			sourceTree = "<group>";
		};
		CE40F2D42BA89A5B00F5CFB1 /* TestTask */ = {
			isa = PBXGroup;
			children = (
				CE82E9332BAA18DD002D840D /* ErrorEnum */,
				CE40F3172BA8DA8B00F5CFB1 /* Managers */,
				CE40F30D2BA8C62D00F5CFB1 /* CustomViews */,
				CE40F3032BA8BE2500F5CFB1 /* Factories */,
				CE40F2FF2BA8BDF500F5CFB1 /* Modules */,
				CE40F2FA2BA8BBB800F5CFB1 /* Builders */,
				CE40F2F52BA8B7CA00F5CFB1 /* Helpers */,
				CE40F3142BA8D42500F5CFB1 /* Base */,
				CE40F2F02BA8B68A00F5CFB1 /* Extensions */,
				CE40F2E92BA89AE200F5CFB1 /* Application */,
				CE40F2EA2BA89AF300F5CFB1 /* Recources */,
			);
			path = TestTask;
			sourceTree = "<group>";
		};
		CE40F2E92BA89AE200F5CFB1 /* Application */ = {
			isa = PBXGroup;
			children = (
				CE40F2D52BA89A5B00F5CFB1 /* AppDelegate.swift */,
				CE40F2D72BA89A5B00F5CFB1 /* SceneDelegate.swift */,
			);
			path = Application;
			sourceTree = "<group>";
		};
		CE40F2EA2BA89AF300F5CFB1 /* Recources */ = {
			isa = PBXGroup;
			children = (
				CE40F2E02BA89A5D00F5CFB1 /* LaunchScreen.storyboard */,
				CE40F2DE2BA89A5D00F5CFB1 /* Assets.xcassets */,
				CE40F2E32BA89A5D00F5CFB1 /* Info.plist */,
			);
			path = Recources;
			sourceTree = "<group>";
		};
		CE40F2F02BA8B68A00F5CFB1 /* Extensions */ = {
			isa = PBXGroup;
			children = (
				CE40F2F12BA8B6A200F5CFB1 /* UIColor+Extension.swift */,
				CE40F2F82BA8B96400F5CFB1 /* UIVIew+Extension.swift */,
			);
			path = Extensions;
			sourceTree = "<group>";
		};
		CE40F2F52BA8B7CA00F5CFB1 /* Helpers */ = {
			isa = PBXGroup;
			children = (
				CE40F2F62BA8B7D200F5CFB1 /* Images.swift */,
				CE82E9312BAA1500002D840D /* GlobalVariables.swift */,
			);
			path = Helpers;
			sourceTree = "<group>";
		};
		CE40F2FA2BA8BBB800F5CFB1 /* Builders */ = {
			isa = PBXGroup;
			children = (
				CE40F2FB2BA8BBC300F5CFB1 /* LabelBuilder.swift */,
				CE40F2FD2BA8BBD800F5CFB1 /* ViewBuilder.swift */,
			);
			path = Builders;
			sourceTree = "<group>";
		};
		CE40F2FF2BA8BDF500F5CFB1 /* Modules */ = {
			isa = PBXGroup;
			children = (
				CE40F3002BA8BDF900F5CFB1 /* Main */,
			);
			path = Modules;
			sourceTree = "<group>";
		};
		CE40F3002BA8BDF900F5CFB1 /* Main */ = {
			isa = PBXGroup;
			children = (
				CE40F30A2BA8C14500F5CFB1 /* Views */,
				CE40F3022BA8BE0300F5CFB1 /* Controller */,
				CE40F3012BA8BDFE00F5CFB1 /* ViewModel */,
			);
			path = Main;
			sourceTree = "<group>";
		};
		CE40F3012BA8BDFE00F5CFB1 /* ViewModel */ = {
			isa = PBXGroup;
			children = (
				CE40F3062BA8BE4E00F5CFB1 /* MainViewModel.swift */,
			);
			path = ViewModel;
			sourceTree = "<group>";
		};
		CE40F3022BA8BE0300F5CFB1 /* Controller */ = {
			isa = PBXGroup;
			children = (
				CE40F3082BA8BE6E00F5CFB1 /* MainViewController.swift */,
				CE40F3102BA8CACF00F5CFB1 /* MainViewController+Extension.swift */,
			);
			path = Controller;
			sourceTree = "<group>";
		};
		CE40F3032BA8BE2500F5CFB1 /* Factories */ = {
			isa = PBXGroup;
			children = (
				CE40F3042BA8BE2F00F5CFB1 /* ModuleFactory.swift */,
			);
			path = Factories;
			sourceTree = "<group>";
		};
		CE40F30A2BA8C14500F5CFB1 /* Views */ = {
			isa = PBXGroup;
			children = (
				CE40F30B2BA8C17700F5CFB1 /* ViewWithUserImage.swift */,
				CE40F3122BA8CC5A00F5CFB1 /* TrashContainerView.swift */,
				CE47ACCE2BA8E5E900004476 /* NoPermissionsView.swift */,
			);
			path = Views;
			sourceTree = "<group>";
		};
		CE40F30D2BA8C62D00F5CFB1 /* CustomViews */ = {
			isa = PBXGroup;
			children = (
				CE40F30E2BA8C64000F5CFB1 /* CircleButton.swift */,
			);
			path = CustomViews;
			sourceTree = "<group>";
		};
		CE40F3142BA8D42500F5CFB1 /* Base */ = {
			isa = PBXGroup;
			children = (
				CE40F3152BA8D42B00F5CFB1 /* CustomView.swift */,
			);
			path = Base;
			sourceTree = "<group>";
		};
		CE40F3172BA8DA8B00F5CFB1 /* Managers */ = {
			isa = PBXGroup;
			children = (
				CE40F3182BA8DAA000F5CFB1 /* PhotoManager.swift */,
				CE47ACCC2BA8DD5F00004476 /* AlertManager.swift */,
			);
			path = Managers;
			sourceTree = "<group>";
		};
		CE82E9332BAA18DD002D840D /* ErrorEnum */ = {
			isa = PBXGroup;
			children = (
				CE82E9342BAA18E9002D840D /* ErrorType.swift */,
			);
			path = ErrorEnum;
			sourceTree = "<group>";
		};
/* End PBXGroup section */

/* Begin PBXNativeTarget section */
		CE40F2D12BA89A5B00F5CFB1 /* TestTask */ = {
			isa = PBXNativeTarget;
			buildConfigurationList = CE40F2E62BA89A5D00F5CFB1 /* Build configuration list for PBXNativeTarget "TestTask" */;
			buildPhases = (
				9A007A98A2E02BC781D7B73F /* [CP] Check Pods Manifest.lock */,
				CE40F2CE2BA89A5B00F5CFB1 /* Sources */,
				CE40F2CF2BA89A5B00F5CFB1 /* Frameworks */,
				CE40F2D02BA89A5B00F5CFB1 /* Resources */,
				743520426EBCBABDA75A1A16 /* [CP] Embed Pods Frameworks */,
			);
			buildRules = (
			);
			dependencies = (
			);
			name = TestTask;
			productName = TestTask;
			productReference = CE40F2D22BA89A5B00F5CFB1 /* TestTask.app */;
			productType = "com.apple.product-type.application";
		};
/* End PBXNativeTarget section */

/* Begin PBXProject section */
		CE40F2CA2BA89A5B00F5CFB1 /* Project object */ = {
			isa = PBXProject;
			attributes = {
				BuildIndependentTargetsInParallel = 1;
				LastSwiftUpdateCheck = 1520;
				LastUpgradeCheck = 1520;
				TargetAttributes = {
					CE40F2D12BA89A5B00F5CFB1 = {
						CreatedOnToolsVersion = 15.2;
					};
				};
			};
			buildConfigurationList = CE40F2CD2BA89A5B00F5CFB1 /* Build configuration list for PBXProject "TestTask" */;
			compatibilityVersion = "Xcode 14.0";
			developmentRegion = en;
			hasScannedForEncodings = 0;
			knownRegions = (
				en,
				Base,
			);
			mainGroup = CE40F2C92BA89A5B00F5CFB1;
			productRefGroup = CE40F2D32BA89A5B00F5CFB1 /* Products */;
			projectDirPath = "";
			projectRoot = "";
			targets = (
				CE40F2D12BA89A5B00F5CFB1 /* TestTask */,
			);
		};
/* End PBXProject section */

/* Begin PBXResourcesBuildPhase section */
		CE40F2D02BA89A5B00F5CFB1 /* Resources */ = {
			isa = PBXResourcesBuildPhase;
			buildActionMask = 2147483647;
			files = (
				CE40F2E22BA89A5D00F5CFB1 /* LaunchScreen.storyboard in Resources */,
				CE40F2DF2BA89A5D00F5CFB1 /* Assets.xcassets in Resources */,
			);
			runOnlyForDeploymentPostprocessing = 0;
		};
/* End PBXResourcesBuildPhase section */

/* Begin PBXShellScriptBuildPhase section */
		743520426EBCBABDA75A1A16 /* [CP] Embed Pods Frameworks */ = {
			isa = PBXShellScriptBuildPhase;
			buildActionMask = 2147483647;
			files = (
			);
			inputFileListPaths = (
				"${PODS_ROOT}/Target Support Files/Pods-TestTask/Pods-TestTask-frameworks-${CONFIGURATION}-input-files.xcfilelist",
			);
			name = "[CP] Embed Pods Frameworks";
			outputFileListPaths = (
				"${PODS_ROOT}/Target Support Files/Pods-TestTask/Pods-TestTask-frameworks-${CONFIGURATION}-output-files.xcfilelist",
			);
			runOnlyForDeploymentPostprocessing = 0;
			shellPath = /bin/sh;
			shellScript = "\"${PODS_ROOT}/Target Support Files/Pods-TestTask/Pods-TestTask-frameworks.sh\"\n";
			showEnvVarsInLog = 0;
		};
		9A007A98A2E02BC781D7B73F /* [CP] Check Pods Manifest.lock */ = {
			isa = PBXShellScriptBuildPhase;
			buildActionMask = 2147483647;
			files = (
			);
			inputFileListPaths = (
			);
			inputPaths = (
				"${PODS_PODFILE_DIR_PATH}/Podfile.lock",
				"${PODS_ROOT}/Manifest.lock",
			);
			name = "[CP] Check Pods Manifest.lock";
			outputFileListPaths = (
			);
			outputPaths = (
				"$(DERIVED_FILE_DIR)/Pods-TestTask-checkManifestLockResult.txt",
			);
			runOnlyForDeploymentPostprocessing = 0;
			shellPath = /bin/sh;
			shellScript = "diff \"${PODS_PODFILE_DIR_PATH}/Podfile.lock\" \"${PODS_ROOT}/Manifest.lock\" > /dev/null\nif [ $? != 0 ] ; then\n    # print error to STDERR\n    echo \"error: The sandbox is not in sync with the Podfile.lock. Run 'pod install' or update your CocoaPods installation.\" >&2\n    exit 1\nfi\n# This output is used by Xcode 'outputs' to avoid re-running this script phase.\necho \"SUCCESS\" > \"${SCRIPT_OUTPUT_FILE_0}\"\n";
			showEnvVarsInLog = 0;
		};
/* End PBXShellScriptBuildPhase section */

/* Begin PBXSourcesBuildPhase section */
		CE40F2CE2BA89A5B00F5CFB1 /* Sources */ = {
			isa = PBXSourcesBuildPhase;
			buildActionMask = 2147483647;
			files = (
				CE40F3162BA8D42B00F5CFB1 /* CustomView.swift in Sources */,
				CE47ACCD2BA8DD5F00004476 /* AlertManager.swift in Sources */,
				CE40F2D62BA89A5B00F5CFB1 /* AppDelegate.swift in Sources */,
				CE40F3192BA8DAA000F5CFB1 /* PhotoManager.swift in Sources */,
				CE40F2F92BA8B96400F5CFB1 /* UIVIew+Extension.swift in Sources */,
				CE40F2F72BA8B7D200F5CFB1 /* Images.swift in Sources */,
				CE82E9352BAA18E9002D840D /* ErrorType.swift in Sources */,
				CE40F2FC2BA8BBC300F5CFB1 /* LabelBuilder.swift in Sources */,
				CE40F3052BA8BE2F00F5CFB1 /* ModuleFactory.swift in Sources */,
				CE40F2D82BA89A5B00F5CFB1 /* SceneDelegate.swift in Sources */,
				CE40F2FE2BA8BBD800F5CFB1 /* ViewBuilder.swift in Sources */,
				CE82E9322BAA1500002D840D /* GlobalVariables.swift in Sources */,
				CE40F30F2BA8C64000F5CFB1 /* CircleButton.swift in Sources */,
				CE40F2F22BA8B6A200F5CFB1 /* UIColor+Extension.swift in Sources */,
				CE40F3072BA8BE4E00F5CFB1 /* MainViewModel.swift in Sources */,
				CE40F3092BA8BE6E00F5CFB1 /* MainViewController.swift in Sources */,
				CE40F30C2BA8C17700F5CFB1 /* ViewWithUserImage.swift in Sources */,
				CE40F3112BA8CACF00F5CFB1 /* MainViewController+Extension.swift in Sources */,
				CE47ACCF2BA8E5E900004476 /* NoPermissionsView.swift in Sources */,
				CE40F3132BA8CC5A00F5CFB1 /* TrashContainerView.swift in Sources */,
			);
			runOnlyForDeploymentPostprocessing = 0;
		};
/* End PBXSourcesBuildPhase section */

/* Begin PBXVariantGroup section */
		CE40F2E02BA89A5D00F5CFB1 /* LaunchScreen.storyboard */ = {
			isa = PBXVariantGroup;
			children = (
				CE40F2E12BA89A5D00F5CFB1 /* Base */,
			);
			name = LaunchScreen.storyboard;
			sourceTree = "<group>";
		};
/* End PBXVariantGroup section */

/* Begin XCBuildConfiguration section */
		CE40F2E42BA89A5D00F5CFB1 /* Debug */ = {
			isa = XCBuildConfiguration;
			buildSettings = {
				ALWAYS_SEARCH_USER_PATHS = NO;
				ASSETCATALOG_COMPILER_GENERATE_SWIFT_ASSET_SYMBOL_EXTENSIONS = YES;
				CLANG_ANALYZER_NONNULL = YES;
				CLANG_ANALYZER_NUMBER_OBJECT_CONVERSION = YES_AGGRESSIVE;
				CLANG_CXX_LANGUAGE_STANDARD = "gnu++20";
				CLANG_ENABLE_MODULES = YES;
				CLANG_ENABLE_OBJC_ARC = YES;
				CLANG_ENABLE_OBJC_WEAK = YES;
				CLANG_WARN_BLOCK_CAPTURE_AUTORELEASING = YES;
				CLANG_WARN_BOOL_CONVERSION = YES;
				CLANG_WARN_COMMA = YES;
				CLANG_WARN_CONSTANT_CONVERSION = YES;
				CLANG_WARN_DEPRECATED_OBJC_IMPLEMENTATIONS = YES;
				CLANG_WARN_DIRECT_OBJC_ISA_USAGE = YES_ERROR;
				CLANG_WARN_DOCUMENTATION_COMMENTS = YES;
				CLANG_WARN_EMPTY_BODY = YES;
				CLANG_WARN_ENUM_CONVERSION = YES;
				CLANG_WARN_INFINITE_RECURSION = YES;
				CLANG_WARN_INT_CONVERSION = YES;
				CLANG_WARN_NON_LITERAL_NULL_CONVERSION = YES;
				CLANG_WARN_OBJC_IMPLICIT_RETAIN_SELF = YES;
				CLANG_WARN_OBJC_LITERAL_CONVERSION = YES;
				CLANG_WARN_OBJC_ROOT_CLASS = YES_ERROR;
				CLANG_WARN_QUOTED_INCLUDE_IN_FRAMEWORK_HEADER = YES;
				CLANG_WARN_RANGE_LOOP_ANALYSIS = YES;
				CLANG_WARN_STRICT_PROTOTYPES = YES;
				CLANG_WARN_SUSPICIOUS_MOVE = YES;
				CLANG_WARN_UNGUARDED_AVAILABILITY = YES_AGGRESSIVE;
				CLANG_WARN_UNREACHABLE_CODE = YES;
				CLANG_WARN__DUPLICATE_METHOD_MATCH = YES;
				COPY_PHASE_STRIP = NO;
				DEBUG_INFORMATION_FORMAT = dwarf;
				ENABLE_STRICT_OBJC_MSGSEND = YES;
				ENABLE_TESTABILITY = YES;
				ENABLE_USER_SCRIPT_SANDBOXING = NO;
				GCC_C_LANGUAGE_STANDARD = gnu17;
				GCC_DYNAMIC_NO_PIC = NO;
				GCC_NO_COMMON_BLOCKS = YES;
				GCC_OPTIMIZATION_LEVEL = 0;
				GCC_PREPROCESSOR_DEFINITIONS = (
					"DEBUG=1",
					"$(inherited)",
				);
				GCC_WARN_64_TO_32_BIT_CONVERSION = YES;
				GCC_WARN_ABOUT_RETURN_TYPE = YES_ERROR;
				GCC_WARN_UNDECLARED_SELECTOR = YES;
				GCC_WARN_UNINITIALIZED_AUTOS = YES_AGGRESSIVE;
				GCC_WARN_UNUSED_FUNCTION = YES;
				GCC_WARN_UNUSED_VARIABLE = YES;
				IPHONEOS_DEPLOYMENT_TARGET = 16.0;
				LOCALIZATION_PREFERS_STRING_CATALOGS = YES;
				MTL_ENABLE_DEBUG_INFO = INCLUDE_SOURCE;
				MTL_FAST_MATH = YES;
				ONLY_ACTIVE_ARCH = YES;
				SDKROOT = iphoneos;
				SWIFT_ACTIVE_COMPILATION_CONDITIONS = "DEBUG $(inherited)";
				SWIFT_OPTIMIZATION_LEVEL = "-Onone";
			};
			name = Debug;
		};
		CE40F2E52BA89A5D00F5CFB1 /* Release */ = {
			isa = XCBuildConfiguration;
			buildSettings = {
				ALWAYS_SEARCH_USER_PATHS = NO;
				ASSETCATALOG_COMPILER_GENERATE_SWIFT_ASSET_SYMBOL_EXTENSIONS = YES;
				CLANG_ANALYZER_NONNULL = YES;
				CLANG_ANALYZER_NUMBER_OBJECT_CONVERSION = YES_AGGRESSIVE;
				CLANG_CXX_LANGUAGE_STANDARD = "gnu++20";
				CLANG_ENABLE_MODULES = YES;
				CLANG_ENABLE_OBJC_ARC = YES;
				CLANG_ENABLE_OBJC_WEAK = YES;
				CLANG_WARN_BLOCK_CAPTURE_AUTORELEASING = YES;
				CLANG_WARN_BOOL_CONVERSION = YES;
				CLANG_WARN_COMMA = YES;
				CLANG_WARN_CONSTANT_CONVERSION = YES;
				CLANG_WARN_DEPRECATED_OBJC_IMPLEMENTATIONS = YES;
				CLANG_WARN_DIRECT_OBJC_ISA_USAGE = YES_ERROR;
				CLANG_WARN_DOCUMENTATION_COMMENTS = YES;
				CLANG_WARN_EMPTY_BODY = YES;
				CLANG_WARN_ENUM_CONVERSION = YES;
				CLANG_WARN_INFINITE_RECURSION = YES;
				CLANG_WARN_INT_CONVERSION = YES;
				CLANG_WARN_NON_LITERAL_NULL_CONVERSION = YES;
				CLANG_WARN_OBJC_IMPLICIT_RETAIN_SELF = YES;
				CLANG_WARN_OBJC_LITERAL_CONVERSION = YES;
				CLANG_WARN_OBJC_ROOT_CLASS = YES_ERROR;
				CLANG_WARN_QUOTED_INCLUDE_IN_FRAMEWORK_HEADER = YES;
				CLANG_WARN_RANGE_LOOP_ANALYSIS = YES;
				CLANG_WARN_STRICT_PROTOTYPES = YES;
				CLANG_WARN_SUSPICIOUS_MOVE = YES;
				CLANG_WARN_UNGUARDED_AVAILABILITY = YES_AGGRESSIVE;
				CLANG_WARN_UNREACHABLE_CODE = YES;
				CLANG_WARN__DUPLICATE_METHOD_MATCH = YES;
				COPY_PHASE_STRIP = NO;
				DEBUG_INFORMATION_FORMAT = "dwarf-with-dsym";
				ENABLE_NS_ASSERTIONS = NO;
				ENABLE_STRICT_OBJC_MSGSEND = YES;
				ENABLE_USER_SCRIPT_SANDBOXING = NO;
				GCC_C_LANGUAGE_STANDARD = gnu17;
				GCC_NO_COMMON_BLOCKS = YES;
				GCC_WARN_64_TO_32_BIT_CONVERSION = YES;
				GCC_WARN_ABOUT_RETURN_TYPE = YES_ERROR;
				GCC_WARN_UNDECLARED_SELECTOR = YES;
				GCC_WARN_UNINITIALIZED_AUTOS = YES_AGGRESSIVE;
				GCC_WARN_UNUSED_FUNCTION = YES;
				GCC_WARN_UNUSED_VARIABLE = YES;
				IPHONEOS_DEPLOYMENT_TARGET = 16.0;
				LOCALIZATION_PREFERS_STRING_CATALOGS = YES;
				MTL_ENABLE_DEBUG_INFO = NO;
				MTL_FAST_MATH = YES;
				SDKROOT = iphoneos;
				SWIFT_COMPILATION_MODE = wholemodule;
				VALIDATE_PRODUCT = YES;
			};
			name = Release;
		};
		CE40F2E72BA89A5D00F5CFB1 /* Debug */ = {
			isa = XCBuildConfiguration;
			baseConfigurationReference = 165C2F4FB2518CDBD7BB3C4E /* Pods-TestTask.debug.xcconfig */;
			buildSettings = {
				ASSETCATALOG_COMPILER_APPICON_NAME = AppIcon;
				ASSETCATALOG_COMPILER_GLOBAL_ACCENT_COLOR_NAME = AccentColor;
				CODE_SIGN_STYLE = Automatic;
				CURRENT_PROJECT_VERSION = 1;
				DEVELOPMENT_TEAM = VVT5US76Z7;
				GENERATE_INFOPLIST_FILE = YES;
				INFOPLIST_FILE = TestTask/Recources/Info.plist;
				INFOPLIST_KEY_NSPhotoLibraryUsageDescription = "";
				INFOPLIST_KEY_UIApplicationSupportsIndirectInputEvents = YES;
				INFOPLIST_KEY_UILaunchStoryboardName = LaunchScreen;
				INFOPLIST_KEY_UIMainStoryboardFile = "";
				INFOPLIST_KEY_UISupportedInterfaceOrientations = UIInterfaceOrientationPortrait;
				INFOPLIST_KEY_UIUserInterfaceStyle = Dark;
				IPHONEOS_DEPLOYMENT_TARGET = 16.0;
				LD_RUNPATH_SEARCH_PATHS = (
					"$(inherited)",
					"@executable_path/Frameworks",
				);
				MARKETING_VERSION = 1.0;
				PRODUCT_BUNDLE_IDENTIFIER = com.Serhii.Pavlichuk.TestTask;
				PRODUCT_NAME = "$(TARGET_NAME)";
				SUPPORTED_PLATFORMS = "iphoneos iphonesimulator";
				SUPPORTS_MACCATALYST = NO;
				SUPPORTS_MAC_DESIGNED_FOR_IPHONE_IPAD = NO;
				SUPPORTS_XR_DESIGNED_FOR_IPHONE_IPAD = NO;
				SWIFT_EMIT_LOC_STRINGS = YES;
				SWIFT_VERSION = 5.0;
				TARGETED_DEVICE_FAMILY = "1,2";
			};
			name = Debug;
		};
		CE40F2E82BA89A5D00F5CFB1 /* Release */ = {
			isa = XCBuildConfiguration;
			baseConfigurationReference = 13F3166027321302B7912EDA /* Pods-TestTask.release.xcconfig */;
			buildSettings = {
				ASSETCATALOG_COMPILER_APPICON_NAME = AppIcon;
				ASSETCATALOG_COMPILER_GLOBAL_ACCENT_COLOR_NAME = AccentColor;
				CODE_SIGN_STYLE = Automatic;
				CURRENT_PROJECT_VERSION = 1;
				DEVELOPMENT_TEAM = VVT5US76Z7;
				GENERATE_INFOPLIST_FILE = YES;
				INFOPLIST_FILE = TestTask/Recources/Info.plist;
				INFOPLIST_KEY_NSPhotoLibraryUsageDescription = "";
				INFOPLIST_KEY_UIApplicationSupportsIndirectInputEvents = YES;
				INFOPLIST_KEY_UILaunchStoryboardName = LaunchScreen;
				INFOPLIST_KEY_UIMainStoryboardFile = "";
				INFOPLIST_KEY_UISupportedInterfaceOrientations = UIInterfaceOrientationPortrait;
				INFOPLIST_KEY_UIUserInterfaceStyle = Dark;
				IPHONEOS_DEPLOYMENT_TARGET = 16.0;
				LD_RUNPATH_SEARCH_PATHS = (
					"$(inherited)",
					"@executable_path/Frameworks",
				);
				MARKETING_VERSION = 1.0;
				PRODUCT_BUNDLE_IDENTIFIER = com.Serhii.Pavlichuk.TestTask;
				PRODUCT_NAME = "$(TARGET_NAME)";
				SUPPORTED_PLATFORMS = "iphoneos iphonesimulator";
				SUPPORTS_MACCATALYST = NO;
				SUPPORTS_MAC_DESIGNED_FOR_IPHONE_IPAD = NO;
				SUPPORTS_XR_DESIGNED_FOR_IPHONE_IPAD = NO;
				SWIFT_EMIT_LOC_STRINGS = YES;
				SWIFT_VERSION = 5.0;
				TARGETED_DEVICE_FAMILY = "1,2";
			};
			name = Release;
		};
/* End XCBuildConfiguration section */

/* Begin XCConfigurationList section */
		CE40F2CD2BA89A5B00F5CFB1 /* Build configuration list for PBXProject "TestTask" */ = {
			isa = XCConfigurationList;
			buildConfigurations = (
				CE40F2E42BA89A5D00F5CFB1 /* Debug */,
				CE40F2E52BA89A5D00F5CFB1 /* Release */,
			);
			defaultConfigurationIsVisible = 0;
			defaultConfigurationName = Release;
		};
		CE40F2E62BA89A5D00F5CFB1 /* Build configuration list for PBXNativeTarget "TestTask" */ = {
			isa = XCConfigurationList;
			buildConfigurations = (
				CE40F2E72BA89A5D00F5CFB1 /* Debug */,
				CE40F2E82BA89A5D00F5CFB1 /* Release */,
			);
			defaultConfigurationIsVisible = 0;
			defaultConfigurationName = Release;
		};
/* End XCConfigurationList section */
	};
	rootObject = CE40F2CA2BA89A5B00F5CFB1 /* Project object */;
}
